
Microsoft Visual Studio Solution File, Format Version 12.00
# Visual Studio 15
Project("{FAE04EC0-301F-11D3-BF4B-00C04F79EFBC}") = "Assembly-CSharp", "Assembly-CSharp.csproj", "{6857A9CF-270B-E2D4-058B-C87286BAC7FB}"
EndProject
Project("{FAE04EC0-301F-11D3-BF4B-00C04F79EFBC}") = "Assembly-CSharp-firstpass", "Assembly-CSharp-firstpass.csproj", "{E962B0AB-B117-EEDC-D0E7-977033158820}"
EndProject
Project("{FAE04EC0-301F-11D3-BF4B-00C04F79EFBC}") = "Assembly-CSharp-Editor-firstpass", "Assembly-CSharp-Editor-firstpass.csproj", "{571A350C-A36C-3C45-4375-7A7863365B44}"
EndProject
Global
	GlobalSection(SolutionConfigurationPlatforms) = preSolution
		Debug|Any CPU = Debug|Any CPU
		Release|Any CPU = Release|Any CPU
	EndGlobalSection
	GlobalSection(ProjectConfigurationPlatforms) = postSolution
		{6857A9CF-270B-E2D4-058B-C87286BAC7FB}.Debug|Any CPU.ActiveCfg = Debug|Any CPU
		{6857A9CF-270B-E2D4-058B-C87286BAC7FB}.Debug|Any CPU.Build.0 = Debug|Any CPU
		{6857A9CF-270B-E2D4-058B-C87286BAC7FB}.Release|Any CPU.ActiveCfg = Release|Any CPU
		{6857A9CF-270B-E2D4-058B-C87286BAC7FB}.Release|Any CPU.Build.0 = Release|Any CPU
		{E962B0AB-B117-EEDC-D0E7-977033158820}.Debug|Any CPU.ActiveCfg = Debug|Any CPU
		{E962B0AB-B117-EEDC-D0E7-977033158820}.Debug|Any CPU.Build.0 = Debug|Any CPU
		{E962B0AB-B117-EEDC-D0E7-977033158820}.Release|Any CPU.ActiveCfg = Release|Any CPU
		{E962B0AB-B117-EEDC-D0E7-977033158820}.Release|Any CPU.Build.0 = Release|Any CPU
		{571A350C-A36C-3C45-4375-7A7863365B44}.Debug|Any CPU.ActiveCfg = Debug|Any CPU
		{571A350C-A36C-3C45-4375-7A7863365B44}.Debug|Any CPU.Build.0 = Debug|Any CPU
		{571A350C-A36C-3C45-4375-7A7863365B44}.Release|Any CPU.ActiveCfg = Release|Any CPU
		{571A350C-A36C-3C45-4375-7A7863365B44}.Release|Any CPU.Build.0 = Release|Any CPU
	EndGlobalSection
	GlobalSection(SolutionProperties) = preSolution
		HideSolutionNode = FALSE
	EndGlobalSection
EndGlobal
